
Microsoft Visual Studio Solution File, Format Version 12.00
# Visual Studio 14
VisualStudioVersion = 14.0.25420.1
MinimumVisualStudioVersion = 10.0.40219.1
Project("{8BC9CEB8-8B4A-11D0-8D11-00A0C91BC942}") = "ProcessHandlerKmdf", "ProcessHandlerKmdf\ProcessHandlerKmdf.vcxproj", "{506524E6-95EE-424A-BC53-CDC811FB834A}"
EndProject
Project("{8BC9CEB8-8B4A-11D0-8D11-00A0C91BC942}") = "ProcessHandlerClient", "ProcessHandlerClient\ProcessHandlerClient.vcxproj", "{943769A3-8BF7-4D6D-94E8-41DD331BDB19}"
EndProject
Global
	GlobalSection(SolutionConfigurationPlatforms) = preSolution
		Debug|ARM = Debug|ARM
		Debug|ARM64 = Debug|ARM64
		Debug|x64 = Debug|x64
		Debug|x86 = Debug|x86
		Release|ARM = Release|ARM
		Release|ARM64 = Release|ARM64
		Release|x64 = Release|x64
		Release|x86 = Release|x86
	EndGlobalSection
	GlobalSection(ProjectConfigurationPlatforms) = postSolution
		{506524E6-95EE-424A-BC53-CDC811FB834A}.Debug|ARM.ActiveCfg = Debug|ARM
		{506524E6-95EE-424A-BC53-CDC811FB834A}.Debug|ARM.Build.0 = Debug|ARM
		{506524E6-95EE-424A-BC53-CDC811FB834A}.Debug|ARM.Deploy.0 = Debug|ARM
		{506524E6-95EE-424A-BC53-CDC811FB834A}.Debug|ARM64.ActiveCfg = Debug|ARM64
		{506524E6-95EE-424A-BC53-CDC811FB834A}.Debug|ARM64.Build.0 = Debug|ARM64
		{506524E6-95EE-424A-BC53-CDC811FB834A}.Debug|ARM64.Deploy.0 = Debug|ARM64
		{506524E6-95EE-424A-BC53-CDC811FB834A}.Debug|x64.ActiveCfg = Debug|x64
		{506524E6-95EE-424A-BC53-CDC811FB834A}.Debug|x64.Build.0 = Debug|x64
		{506524E6-95EE-424A-BC53-CDC811FB834A}.Debug|x64.Deploy.0 = Debug|x64
		{506524E6-95EE-424A-BC53-CDC811FB834A}.Debug|x86.ActiveCfg = Debug|Win32
		{506524E6-95EE-424A-BC53-CDC811FB834A}.Debug|x86.Build.0 = Debug|Win32
		{506524E6-95EE-424A-BC53-CDC811FB834A}.Debug|x86.Deploy.0 = Debug|Win32
		{506524E6-95EE-424A-BC53-CDC811FB834A}.Release|ARM.ActiveCfg = Release|ARM
		{506524E6-95EE-424A-BC53-CDC811FB834A}.Release|ARM.Build.0 = Release|ARM
		{506524E6-95EE-424A-BC53-CDC811FB834A}.Release|ARM.Deploy.0 = Release|ARM
		{506524E6-95EE-424A-BC53-CDC811FB834A}.Release|ARM64.ActiveCfg = Release|ARM64
		{506524E6-95EE-424A-BC53-CDC811FB834A}.Release|ARM64.Build.0 = Release|ARM64
		{506524E6-95EE-424A-BC53-CDC811FB834A}.Release|ARM64.Deploy.0 = Release|ARM64
		{506524E6-95EE-424A-BC53-CDC811FB834A}.Release|x64.ActiveCfg = Release|x64
		{506524E6-95EE-424A-BC53-CDC811FB834A}.Release|x64.Build.0 = Release|x64
		{506524E6-95EE-424A-BC53-CDC811FB834A}.Release|x64.Deploy.0 = Release|x64
		{506524E6-95EE-424A-BC53-CDC811FB834A}.Release|x86.ActiveCfg = Release|Win32
		{506524E6-95EE-424A-BC53-CDC811FB834A}.Release|x86.Build.0 = Release|Win32
		{506524E6-95EE-424A-BC53-CDC811FB834A}.Release|x86.Deploy.0 = Release|Win32
		{943769A3-8BF7-4D6D-94E8-41DD331BDB19}.Debug|ARM.ActiveCfg = Debug|Win32
		{943769A3-8BF7-4D6D-94E8-41DD331BDB19}.Debug|ARM64.ActiveCfg = Debug|Win32
		{943769A3-8BF7-4D6D-94E8-41DD331BDB19}.Debug|x64.ActiveCfg = Debug|x64
		{943769A3-8BF7-4D6D-94E8-41DD331BDB19}.Debug|x64.Build.0 = Debug|x64
		{943769A3-8BF7-4D6D-94E8-41DD331BDB19}.Debug|x86.ActiveCfg = Debug|Win32
		{943769A3-8BF7-4D6D-94E8-41DD331BDB19}.Debug|x86.Build.0 = Debug|Win32
		{943769A3-8BF7-4D6D-94E8-41DD331BDB19}.Release|ARM.ActiveCfg = Release|Win32
		{943769A3-8BF7-4D6D-94E8-41DD331BDB19}.Release|ARM64.ActiveCfg = Release|Win32
		{943769A3-8BF7-4D6D-94E8-41DD331BDB19}.Release|x64.ActiveCfg = Release|x64
		{943769A3-8BF7-4D6D-94E8-41DD331BDB19}.Release|x64.Build.0 = Release|x64
		{943769A3-8BF7-4D6D-94E8-41DD331BDB19}.Release|x86.ActiveCfg = Release|Win32
		{943769A3-8BF7-4D6D-94E8-41DD331BDB19}.Release|x86.Build.0 = Release|Win32
	EndGlobalSection
	GlobalSection(SolutionProperties) = preSolution
		HideSolutionNode = FALSE
	EndGlobalSection
EndGlobal
